// !$*UTF8*$!
{
	archiveVersion = 1;
	classes = {
	};
	objectVersion = 56;
	objects = {

/* Begin PBXBuildFile section */
		880CF27A2BDD2F7600F25A57 /* ToDoListFirebaseApp.swift in Sources */ = {isa = PBXBuildFile; fileRef = 880CF2792BDD2F7600F25A57 /* ToDoListFirebaseApp.swift */; };
		880CF27C2BDD2F7600F25A57 /* ContentView.swift in Sources */ = {isa = PBXBuildFile; fileRef = 880CF27B2BDD2F7600F25A57 /* ContentView.swift */; };
		880CF27E2BDD2F7800F25A57 /* Assets.xcassets in Resources */ = {isa = PBXBuildFile; fileRef = 880CF27D2BDD2F7800F25A57 /* Assets.xcassets */; };
		880CF2812BDD2F7800F25A57 /* Preview Assets.xcassets in Resources */ = {isa = PBXBuildFile; fileRef = 880CF2802BDD2F7800F25A57 /* Preview Assets.xcassets */; };
		880CF2A42BDD2FAF00F25A57 /* GoogleService-Info.plist in Resources */ = {isa = PBXBuildFile; fileRef = 880CF2A32BDD2FAF00F25A57 /* GoogleService-Info.plist */; };
		880CF2A82BDD320F00F25A57 /* FirebaseAuth in Frameworks */ = {isa = PBXBuildFile; productRef = 880CF2A72BDD320F00F25A57 /* FirebaseAuth */; };
		880CF2AA2BDD320F00F25A57 /* FirebaseFirestore in Frameworks */ = {isa = PBXBuildFile; productRef = 880CF2A92BDD320F00F25A57 /* FirebaseFirestore */; };
		880CF2AC2BDD320F00F25A57 /* FirebaseFirestoreSwift in Frameworks */ = {isa = PBXBuildFile; productRef = 880CF2AB2BDD320F00F25A57 /* FirebaseFirestoreSwift */; };
		880CF2AE2BDD43C000F25A57 /* FireBaseManager.swift in Sources */ = {isa = PBXBuildFile; fileRef = 880CF2AD2BDD43BF00F25A57 /* FireBaseManager.swift */; };
		880CF2B02BDD43E400F25A57 /* Tasks.swift in Sources */ = {isa = PBXBuildFile; fileRef = 880CF2AF2BDD43E400F25A57 /* Tasks.swift */; };
		880CF2B22BDD43FF00F25A57 /* UpdateitemView.swift in Sources */ = {isa = PBXBuildFile; fileRef = 880CF2B12BDD43FF00F25A57 /* UpdateitemView.swift */; };
		880CF2B42BDD441B00F25A57 /* AddItemView.swift in Sources */ = {isa = PBXBuildFile; fileRef = 880CF2B32BDD441B00F25A57 /* AddItemView.swift */; };
		880CF2B62BDD443500F25A57 /* AddCategory.swift in Sources */ = {isa = PBXBuildFile; fileRef = 880CF2B52BDD443500F25A57 /* AddCategory.swift */; };
		880CF2B82BDD445500F25A57 /* UpdateCategory.swift in Sources */ = {isa = PBXBuildFile; fileRef = 880CF2B72BDD445500F25A57 /* UpdateCategory.swift */; };
/* End PBXBuildFile section */

/* Begin PBXContainerItemProxy section */
		880CF2872BDD2F7800F25A57 /* PBXContainerItemProxy */ = {
			isa = PBXContainerItemProxy;
			containerPortal = 880CF26E2BDD2F7600F25A57 /* Project object */;
			proxyType = 1;
			remoteGlobalIDString = 880CF2752BDD2F7600F25A57;
			remoteInfo = ToDoListFirebase;
		};
		880CF2912BDD2F7800F25A57 /* PBXContainerItemProxy */ = {
			isa = PBXContainerItemProxy;
			containerPortal = 880CF26E2BDD2F7600F25A57 /* Project object */;
			proxyType = 1;
			remoteGlobalIDString = 880CF2752BDD2F7600F25A57;
			remoteInfo = ToDoListFirebase;
		};
/* End PBXContainerItemProxy section */

/* Begin PBXFileReference section */
		880CF2792BDD2F7600F25A57 /* ToDoListFirebaseApp.swift */ = {isa = PBXFileReference; lastKnownFileType = sourcecode.swift; path = ToDoListFirebaseApp.swift; sourceTree = "<group>"; };
		880CF27B2BDD2F7600F25A57 /* ContentView.swift */ = {isa = PBXFileReference; lastKnownFileType = sourcecode.swift; path = ContentView.swift; sourceTree = "<group>"; };
		880CF27D2BDD2F7800F25A57 /* Assets.xcassets */ = {isa = PBXFileReference; lastKnownFileType = folder.assetcatalog; path = Assets.xcassets; sourceTree = "<group>"; };
		880CF2802BDD2F7800F25A57 /* Preview Assets.xcassets */ = {isa = PBXFileReference; lastKnownFileType = folder.assetcatalog; path = "Preview Assets.xcassets"; sourceTree = "<group>"; };
		880CF2A32BDD2FAF00F25A57 /* GoogleService-Info.plist */ = {isa = PBXFileReference; fileEncoding = 4; lastKnownFileType = text.plist.xml; path = "GoogleService-Info.plist"; sourceTree = "<group>"; };
		880CF2AD2BDD43BF00F25A57 /* FireBaseManager.swift */ = {isa = PBXFileReference; lastKnownFileType = sourcecode.swift; path = FireBaseManager.swift; sourceTree = "<group>"; };
		880CF2AF2BDD43E400F25A57 /* Tasks.swift */ = {isa = PBXFileReference; lastKnownFileType = sourcecode.swift; path = Tasks.swift; sourceTree = "<group>"; };
		880CF2B12BDD43FF00F25A57 /* UpdateitemView.swift */ = {isa = PBXFileReference; lastKnownFileType = sourcecode.swift; path = UpdateitemView.swift; sourceTree = "<group>"; };
		880CF2B32BDD441B00F25A57 /* AddItemView.swift */ = {isa = PBXFileReference; lastKnownFileType = sourcecode.swift; path = AddItemView.swift; sourceTree = "<group>"; };
		880CF2B52BDD443500F25A57 /* AddCategory.swift */ = {isa = PBXFileReference; lastKnownFileType = sourcecode.swift; path = AddCategory.swift; sourceTree = "<group>"; };
		880CF2B72BDD445500F25A57 /* UpdateCategory.swift */ = {isa = PBXFileReference; lastKnownFileType = sourcecode.swift; path = UpdateCategory.swift; sourceTree = "<group>"; };
		88602E532BDD4C460023C14C /* ToDoListFirebase.app */ = {isa = PBXFileReference; explicitFileType = wrapper.application; includeInIndex = 0; path = ToDoListFirebase.app; sourceTree = BUILT_PRODUCTS_DIR; };
		88602E542BDD4C460023C14C /* ToDoListFirebaseTests.xctest */ = {isa = PBXFileReference; explicitFileType = wrapper.cfbundle; includeInIndex = 0; path = ToDoListFirebaseTests.xctest; sourceTree = BUILT_PRODUCTS_DIR; };
		88602E552BDD4C460023C14C /* ToDoListFirebaseUITests.xctest */ = {isa = PBXFileReference; explicitFileType = wrapper.cfbundle; includeInIndex = 0; path = ToDoListFirebaseUITests.xctest; sourceTree = BUILT_PRODUCTS_DIR; };
/* End PBXFileReference section */

/* Begin PBXFrameworksBuildPhase section */
		880CF2732BDD2F7600F25A57 /* Frameworks */ = {
			isa = PBXFrameworksBuildPhase;
			buildActionMask = 2147483647;
			files = (
				880CF2A82BDD320F00F25A57 /* FirebaseAuth in Frameworks */,
				880CF2AA2BDD320F00F25A57 /* FirebaseFirestore in Frameworks */,
				880CF2AC2BDD320F00F25A57 /* FirebaseFirestoreSwift in Frameworks */,
			);
			runOnlyForDeploymentPostprocessing = 0;
		};
		880CF2832BDD2F7800F25A57 /* Frameworks */ = {
			isa = PBXFrameworksBuildPhase;
			buildActionMask = 2147483647;
			files = (
			);
			runOnlyForDeploymentPostprocessing = 0;
		};
		880CF28D2BDD2F7800F25A57 /* Frameworks */ = {
			isa = PBXFrameworksBuildPhase;
			buildActionMask = 2147483647;
			files = (
			);
			runOnlyForDeploymentPostprocessing = 0;
		};
/* End PBXFrameworksBuildPhase section */

/* Begin PBXGroup section */
		8800C3C02BDE63B500FA3A4B /* Update */ = {
			isa = PBXGroup;
			children = (
				880CF2B72BDD445500F25A57 /* UpdateCategory.swift */,
				880CF2B12BDD43FF00F25A57 /* UpdateitemView.swift */,
			);
			path = Update;
			sourceTree = "<group>";
		};
		8800C3C12BDE63E100FA3A4B /* Add */ = {
			isa = PBXGroup;
			children = (
				880CF2B52BDD443500F25A57 /* AddCategory.swift */,
				880CF2B32BDD441B00F25A57 /* AddItemView.swift */,
			);
			path = Add;
			sourceTree = "<group>";
		};
		880CF26D2BDD2F7600F25A57 = {
			isa = PBXGroup;
			children = (
				880CF2782BDD2F7600F25A57 /* ToDoListFirebase */,
				88602E532BDD4C460023C14C /* ToDoListFirebase.app */,
				88602E542BDD4C460023C14C /* ToDoListFirebaseTests.xctest */,
				88602E552BDD4C460023C14C /* ToDoListFirebaseUITests.xctest */,
			);
			sourceTree = "<group>";
		};
		880CF2782BDD2F7600F25A57 /* ToDoListFirebase */ = {
			isa = PBXGroup;
			children = (
				8800C3C12BDE63E100FA3A4B /* Add */,
				8800C3C02BDE63B500FA3A4B /* Update */,
				880CF2792BDD2F7600F25A57 /* ToDoListFirebaseApp.swift */,
				880CF2AD2BDD43BF00F25A57 /* FireBaseManager.swift */,
				880CF27B2BDD2F7600F25A57 /* ContentView.swift */,
				880CF2AF2BDD43E400F25A57 /* Tasks.swift */,
				880CF2A32BDD2FAF00F25A57 /* GoogleService-Info.plist */,
				880CF27D2BDD2F7800F25A57 /* Assets.xcassets */,
				880CF27F2BDD2F7800F25A57 /* Preview Content */,
			);
			path = ToDoListFirebase;
			sourceTree = "<group>";
		};
		880CF27F2BDD2F7800F25A57 /* Preview Content */ = {
			isa = PBXGroup;
			children = (
				880CF2802BDD2F7800F25A57 /* Preview Assets.xcassets */,
			);
			path = "Preview Content";
			sourceTree = "<group>";
		};
/* End PBXGroup section */

/* Begin PBXNativeTarget section */
		880CF2752BDD2F7600F25A57 /* ToDoListFirebase */ = {
			isa = PBXNativeTarget;
			buildConfigurationList = 880CF29A2BDD2F7800F25A57 /* Build configuration list for PBXNativeTarget "ToDoListFirebase" */;
			buildPhases = (
				880CF2722BDD2F7600F25A57 /* Sources */,
				880CF2732BDD2F7600F25A57 /* Frameworks */,
				880CF2742BDD2F7600F25A57 /* Resources */,
			);
			buildRules = (
			);
			dependencies = (
			);
			name = ToDoListFirebase;
			packageProductDependencies = (
				880CF2A72BDD320F00F25A57 /* FirebaseAuth */,
				880CF2A92BDD320F00F25A57 /* FirebaseFirestore */,
				880CF2AB2BDD320F00F25A57 /* FirebaseFirestoreSwift */,
			);
			productName = ToDoListFirebase;
			productReference = 88602E532BDD4C460023C14C /* ToDoListFirebase.app */;
			productType = "com.apple.product-type.application";
		};
		880CF2852BDD2F7800F25A57 /* ToDoListFirebaseTests */ = {
			isa = PBXNativeTarget;
			buildConfigurationList = 880CF29D2BDD2F7800F25A57 /* Build configuration list for PBXNativeTarget "ToDoListFirebaseTests" */;
			buildPhases = (
				880CF2822BDD2F7800F25A57 /* Sources */,
				880CF2832BDD2F7800F25A57 /* Frameworks */,
				880CF2842BDD2F7800F25A57 /* Resources */,
			);
			buildRules = (
			);
			dependencies = (
				880CF2882BDD2F7800F25A57 /* PBXTargetDependency */,
			);
			name = ToDoListFirebaseTests;
			productName = ToDoListFirebaseTests;
			productReference = 88602E542BDD4C460023C14C /* ToDoListFirebaseTests.xctest */;
			productType = "com.apple.product-type.bundle.unit-test";
		};
		880CF28F2BDD2F7800F25A57 /* ToDoListFirebaseUITests */ = {
			isa = PBXNativeTarget;
			buildConfigurationList = 880CF2A02BDD2F7800F25A57 /* Build configuration list for PBXNativeTarget "ToDoListFirebaseUITests" */;
			buildPhases = (
				880CF28C2BDD2F7800F25A57 /* Sources */,
				880CF28D2BDD2F7800F25A57 /* Frameworks */,
				880CF28E2BDD2F7800F25A57 /* Resources */,
			);
			buildRules = (
			);
			dependencies = (
				880CF2922BDD2F7800F25A57 /* PBXTargetDependency */,
			);
			name = ToDoListFirebaseUITests;
			productName = ToDoListFirebaseUITests;
			productReference = 88602E552BDD4C460023C14C /* ToDoListFirebaseUITests.xctest */;
			productType = "com.apple.product-type.bundle.ui-testing";
		};
/* End PBXNativeTarget section */

/* Begin PBXProject section */
		880CF26E2BDD2F7600F25A57 /* Project object */ = {
			isa = PBXProject;
			attributes = {
				BuildIndependentTargetsInParallel = 1;
				LastSwiftUpdateCheck = 1530;
				LastUpgradeCheck = 1530;
				TargetAttributes = {
					880CF2752BDD2F7600F25A57 = {
						CreatedOnToolsVersion = 15.3;
					};
					880CF2852BDD2F7800F25A57 = {
						CreatedOnToolsVersion = 15.3;
						TestTargetID = 880CF2752BDD2F7600F25A57;
					};
					880CF28F2BDD2F7800F25A57 = {
						CreatedOnToolsVersion = 15.3;
						TestTargetID = 880CF2752BDD2F7600F25A57;
					};
				};
			};
			buildConfigurationList = 880CF2712BDD2F7600F25A57 /* Build configuration list for PBXProject "ToDoListFirebase" */;
			compatibilityVersion = "Xcode 14.0";
			developmentRegion = en;
			hasScannedForEncodings = 0;
			knownRegions = (
				en,
				Base,
			);
			mainGroup = 880CF26D2BDD2F7600F25A57;
			packageReferences = (
				880CF2A52BDD2FE800F25A57 /* XCRemoteSwiftPackageReference "firebase-ios-sdk" */,
			);
			productRefGroup = 880CF26D2BDD2F7600F25A57;
			projectDirPath = "";
			projectRoot = "";
			targets = (
				880CF2752BDD2F7600F25A57 /* ToDoListFirebase */,
				880CF2852BDD2F7800F25A57 /* ToDoListFirebaseTests */,
				880CF28F2BDD2F7800F25A57 /* ToDoListFirebaseUITests */,
			);
		};
/* End PBXProject section */

/* Begin PBXResourcesBuildPhase section */
		880CF2742BDD2F7600F25A57 /* Resources */ = {
			isa = PBXResourcesBuildPhase;
			buildActionMask = 2147483647;
			files = (
				880CF2812BDD2F7800F25A57 /* Preview Assets.xcassets in Resources */,
				880CF2A42BDD2FAF00F25A57 /* GoogleService-Info.plist in Resources */,
				880CF27E2BDD2F7800F25A57 /* Assets.xcassets in Resources */,
			);
			runOnlyForDeploymentPostprocessing = 0;
		};
		880CF2842BDD2F7800F25A57 /* Resources */ = {
			isa = PBXResourcesBuildPhase;
			buildActionMask = 2147483647;
			files = (
			);
			runOnlyForDeploymentPostprocessing = 0;
		};
		880CF28E2BDD2F7800F25A57 /* Resources */ = {
			isa = PBXResourcesBuildPhase;
			buildActionMask = 2147483647;
			files = (
			);
			runOnlyForDeploymentPostprocessing = 0;
		};
/* End PBXResourcesBuildPhase section */

/* Begin PBXSourcesBuildPhase section */
		880CF2722BDD2F7600F25A57 /* Sources */ = {
			isa = PBXSourcesBuildPhase;
			buildActionMask = 2147483647;
			files = (
				880CF2B82BDD445500F25A57 /* UpdateCategory.swift in Sources */,
				880CF27C2BDD2F7600F25A57 /* ContentView.swift in Sources */,
				880CF2B42BDD441B00F25A57 /* AddItemView.swift in Sources */,
				880CF2B22BDD43FF00F25A57 /* UpdateitemView.swift in Sources */,
				880CF27A2BDD2F7600F25A57 /* ToDoListFirebaseApp.swift in Sources */,
				880CF2B62BDD443500F25A57 /* AddCategory.swift in Sources */,
				880CF2AE2BDD43C000F25A57 /* FireBaseManager.swift in Sources */,
				880CF2B02BDD43E400F25A57 /* Tasks.swift in Sources */,
			);
			runOnlyForDeploymentPostprocessing = 0;
		};
		880CF2822BDD2F7800F25A57 /* Sources */ = {
			isa = PBXSourcesBuildPhase;
			buildActionMask = 2147483647;
			files = (
			);
			runOnlyForDeploymentPostprocessing = 0;
		};
		880CF28C2BDD2F7800F25A57 /* Sources */ = {
			isa = PBXSourcesBuildPhase;
			buildActionMask = 2147483647;
			files = (
			);
			runOnlyForDeploymentPostprocessing = 0;
		};
/* End PBXSourcesBuildPhase section */

/* Begin PBXTargetDependency section */
		880CF2882BDD2F7800F25A57 /* PBXTargetDependency */ = {
			isa = PBXTargetDependency;
			target = 880CF2752BDD2F7600F25A57 /* ToDoListFirebase */;
			targetProxy = 880CF2872BDD2F7800F25A57 /* PBXContainerItemProxy */;
		};
		880CF2922BDD2F7800F25A57 /* PBXTargetDependency */ = {
			isa = PBXTargetDependency;
			target = 880CF2752BDD2F7600F25A57 /* ToDoListFirebase */;
			targetProxy = 880CF2912BDD2F7800F25A57 /* PBXContainerItemProxy */;
		};
/* End PBXTargetDependency section */

/* Begin XCBuildConfiguration section */
		880CF2982BDD2F7800F25A57 /* Debug */ = {
			isa = XCBuildConfiguration;
			buildSettings = {
				ALWAYS_SEARCH_USER_PATHS = NO;
				ASSETCATALOG_COMPILER_GENERATE_SWIFT_ASSET_SYMBOL_EXTENSIONS = YES;
				CLANG_ANALYZER_NONNULL = YES;
				CLANG_ANALYZER_NUMBER_OBJECT_CONVERSION = YES_AGGRESSIVE;
				CLANG_CXX_LANGUAGE_STANDARD = "gnu++20";
				CLANG_ENABLE_MODULES = YES;
				CLANG_ENABLE_OBJC_ARC = YES;
				CLANG_ENABLE_OBJC_WEAK = YES;
				CLANG_WARN_BLOCK_CAPTURE_AUTORELEASING = YES;
				CLANG_WARN_BOOL_CONVERSION = YES;
				CLANG_WARN_COMMA = YES;
				CLANG_WARN_CONSTANT_CONVERSION = YES;
				CLANG_WARN_DEPRECATED_OBJC_IMPLEMENTATIONS = YES;
				CLANG_WARN_DIRECT_OBJC_ISA_USAGE = YES_ERROR;
				CLANG_WARN_DOCUMENTATION_COMMENTS = YES;
				CLANG_WARN_EMPTY_BODY = YES;
				CLANG_WARN_ENUM_CONVERSION = YES;
				CLANG_WARN_INFINITE_RECURSION = YES;
				CLANG_WARN_INT_CONVERSION = YES;
				CLANG_WARN_NON_LITERAL_NULL_CONVERSION = YES;
				CLANG_WARN_OBJC_IMPLICIT_RETAIN_SELF = YES;
				CLANG_WARN_OBJC_LITERAL_CONVERSION = YES;
				CLANG_WARN_OBJC_ROOT_CLASS = YES_ERROR;
				CLANG_WARN_QUOTED_INCLUDE_IN_FRAMEWORK_HEADER = YES;
				CLANG_WARN_RANGE_LOOP_ANALYSIS = YES;
				CLANG_WARN_STRICT_PROTOTYPES = YES;
				CLANG_WARN_SUSPICIOUS_MOVE = YES;
				CLANG_WARN_UNGUARDED_AVAILABILITY = YES_AGGRESSIVE;
				CLANG_WARN_UNREACHABLE_CODE = YES;
				CLANG_WARN__DUPLICATE_METHOD_MATCH = YES;
				COPY_PHASE_STRIP = NO;
				DEBUG_INFORMATION_FORMAT = dwarf;
				ENABLE_STRICT_OBJC_MSGSEND = YES;
				ENABLE_TESTABILITY = YES;
				ENABLE_USER_SCRIPT_SANDBOXING = YES;
				GCC_C_LANGUAGE_STANDARD = gnu17;
				GCC_DYNAMIC_NO_PIC = NO;
				GCC_NO_COMMON_BLOCKS = YES;
				GCC_OPTIMIZATION_LEVEL = 0;
				GCC_PREPROCESSOR_DEFINITIONS = (
					"DEBUG=1",
					"$(inherited)",
				);
				GCC_WARN_64_TO_32_BIT_CONVERSION = YES;
				GCC_WARN_ABOUT_RETURN_TYPE = YES_ERROR;
				GCC_WARN_UNDECLARED_SELECTOR = YES;
				GCC_WARN_UNINITIALIZED_AUTOS = YES_AGGRESSIVE;
				GCC_WARN_UNUSED_FUNCTION = YES;
				GCC_WARN_UNUSED_VARIABLE = YES;
				IPHONEOS_DEPLOYMENT_TARGET = 17.4;
				LOCALIZATION_PREFERS_STRING_CATALOGS = YES;
				MTL_ENABLE_DEBUG_INFO = INCLUDE_SOURCE;
				MTL_FAST_MATH = YES;
				ONLY_ACTIVE_ARCH = YES;
				SDKROOT = iphoneos;
				SWIFT_ACTIVE_COMPILATION_CONDITIONS = "DEBUG $(inherited)";
				SWIFT_OPTIMIZATION_LEVEL = "-Onone";
			};
			name = Debug;
		};
		880CF2992BDD2F7800F25A57 /* Release */ = {
			isa = XCBuildConfiguration;
			buildSettings = {
				ALWAYS_SEARCH_USER_PATHS = NO;
				ASSETCATALOG_COMPILER_GENERATE_SWIFT_ASSET_SYMBOL_EXTENSIONS = YES;
				CLANG_ANALYZER_NONNULL = YES;
				CLANG_ANALYZER_NUMBER_OBJECT_CONVERSION = YES_AGGRESSIVE;
				CLANG_CXX_LANGUAGE_STANDARD = "gnu++20";
				CLANG_ENABLE_MODULES = YES;
				CLANG_ENABLE_OBJC_ARC = YES;
				CLANG_ENABLE_OBJC_WEAK = YES;
				CLANG_WARN_BLOCK_CAPTURE_AUTORELEASING = YES;
				CLANG_WARN_BOOL_CONVERSION = YES;
				CLANG_WARN_COMMA = YES;
				CLANG_WARN_CONSTANT_CONVERSION = YES;
				CLANG_WARN_DEPRECATED_OBJC_IMPLEMENTATIONS = YES;
				CLANG_WARN_DIRECT_OBJC_ISA_USAGE = YES_ERROR;
				CLANG_WARN_DOCUMENTATION_COMMENTS = YES;
				CLANG_WARN_EMPTY_BODY = YES;
				CLANG_WARN_ENUM_CONVERSION = YES;
				CLANG_WARN_INFINITE_RECURSION = YES;
				CLANG_WARN_INT_CONVERSION = YES;
				CLANG_WARN_NON_LITERAL_NULL_CONVERSION = YES;
				CLANG_WARN_OBJC_IMPLICIT_RETAIN_SELF = YES;
				CLANG_WARN_OBJC_LITERAL_CONVERSION = YES;
				CLANG_WARN_OBJC_ROOT_CLASS = YES_ERROR;
				CLANG_WARN_QUOTED_INCLUDE_IN_FRAMEWORK_HEADER = YES;
				CLANG_WARN_RANGE_LOOP_ANALYSIS = YES;
				CLANG_WARN_STRICT_PROTOTYPES = YES;
				CLANG_WARN_SUSPICIOUS_MOVE = YES;
				CLANG_WARN_UNGUARDED_AVAILABILITY = YES_AGGRESSIVE;
				CLANG_WARN_UNREACHABLE_CODE = YES;
				CLANG_WARN__DUPLICATE_METHOD_MATCH = YES;
				COPY_PHASE_STRIP = NO;
				DEBUG_INFORMATION_FORMAT = "dwarf-with-dsym";
				ENABLE_NS_ASSERTIONS = NO;
				ENABLE_STRICT_OBJC_MSGSEND = YES;
				ENABLE_USER_SCRIPT_SANDBOXING = YES;
				GCC_C_LANGUAGE_STANDARD = gnu17;
				GCC_NO_COMMON_BLOCKS = YES;
				GCC_WARN_64_TO_32_BIT_CONVERSION = YES;
				GCC_WARN_ABOUT_RETURN_TYPE = YES_ERROR;
				GCC_WARN_UNDECLARED_SELECTOR = YES;
				GCC_WARN_UNINITIALIZED_AUTOS = YES_AGGRESSIVE;
				GCC_WARN_UNUSED_FUNCTION = YES;
				GCC_WARN_UNUSED_VARIABLE = YES;
				IPHONEOS_DEPLOYMENT_TARGET = 17.4;
				LOCALIZATION_PREFERS_STRING_CATALOGS = YES;
				MTL_ENABLE_DEBUG_INFO = NO;
				MTL_FAST_MATH = YES;
				SDKROOT = iphoneos;
				SWIFT_COMPILATION_MODE = wholemodule;
				VALIDATE_PRODUCT = YES;
			};
			name = Release;
		};
		880CF29B2BDD2F7800F25A57 /* Debug */ = {
			isa = XCBuildConfiguration;
			buildSettings = {
				ASSETCATALOG_COMPILER_APPICON_NAME = AppIcon;
				ASSETCATALOG_COMPILER_GLOBAL_ACCENT_COLOR_NAME = AccentColor;
				CODE_SIGN_STYLE = Automatic;
				CURRENT_PROJECT_VERSION = 1;
				DEVELOPMENT_ASSET_PATHS = "\"ToDoListFirebase/Preview Content\"";
				ENABLE_PREVIEWS = YES;
				GENERATE_INFOPLIST_FILE = YES;
				INFOPLIST_KEY_UIApplicationSceneManifest_Generation = YES;
				INFOPLIST_KEY_UIApplicationSupportsIndirectInputEvents = YES;
				INFOPLIST_KEY_UILaunchScreen_Generation = YES;
				INFOPLIST_KEY_UISupportedInterfaceOrientations_iPad = "UIInterfaceOrientationPortrait UIInterfaceOrientationPortraitUpsideDown UIInterfaceOrientationLandscapeLeft UIInterfaceOrientationLandscapeRight";
				INFOPLIST_KEY_UISupportedInterfaceOrientations_iPhone = "UIInterfaceOrientationPortrait UIInterfaceOrientationLandscapeLeft UIInterfaceOrientationLandscapeRight";
				LD_RUNPATH_SEARCH_PATHS = (
					"$(inherited)",
					"@executable_path/Frameworks",
				);
				MARKETING_VERSION = 1.0;
				PRODUCT_BUNDLE_IDENTIFIER = iOS.ToDoListFirebase;
				PRODUCT_NAME = "$(TARGET_NAME)";
				SWIFT_EMIT_LOC_STRINGS = YES;
				SWIFT_VERSION = 5.0;
				TARGETED_DEVICE_FAMILY = "1,2";
			};
			name = Debug;
		};
		880CF29C2BDD2F7800F25A57 /* Release */ = {
			isa = XCBuildConfiguration;
			buildSettings = {
				ASSETCATALOG_COMPILER_APPICON_NAME = AppIcon;
				ASSETCATALOG_COMPILER_GLOBAL_ACCENT_COLOR_NAME = AccentColor;
				CODE_SIGN_STYLE = Automatic;
				CURRENT_PROJECT_VERSION = 1;
				DEVELOPMENT_ASSET_PATHS = "\"ToDoListFirebase/Preview Content\"";
				ENABLE_PREVIEWS = YES;
				GENERATE_INFOPLIST_FILE = YES;
				INFOPLIST_KEY_UIApplicationSceneManifest_Generation = YES;
				INFOPLIST_KEY_UIApplicationSupportsIndirectInputEvents = YES;
				INFOPLIST_KEY_UILaunchScreen_Generation = YES;
				INFOPLIST_KEY_UISupportedInterfaceOrientations_iPad = "UIInterfaceOrientationPortrait UIInterfaceOrientationPortraitUpsideDown UIInterfaceOrientationLandscapeLeft UIInterfaceOrientationLandscapeRight";
				INFOPLIST_KEY_UISupportedInterfaceOrientations_iPhone = "UIInterfaceOrientationPortrait UIInterfaceOrientationLandscapeLeft UIInterfaceOrientationLandscapeRight";
				LD_RUNPATH_SEARCH_PATHS = (
					"$(inherited)",
					"@executable_path/Frameworks",
				);
				MARKETING_VERSION = 1.0;
				PRODUCT_BUNDLE_IDENTIFIER = iOS.ToDoListFirebase;
				PRODUCT_NAME = "$(TARGET_NAME)";
				SWIFT_EMIT_LOC_STRINGS = YES;
				SWIFT_VERSION = 5.0;
				TARGETED_DEVICE_FAMILY = "1,2";
			};
			name = Release;
		};
		880CF29E2BDD2F7800F25A57 /* Debug */ = {
			isa = XCBuildConfiguration;
			buildSettings = {
				ALWAYS_EMBED_SWIFT_STANDARD_LIBRARIES = YES;
				BUNDLE_LOADER = "$(TEST_HOST)";
				CODE_SIGN_STYLE = Automatic;
				CURRENT_PROJECT_VERSION = 1;
				GENERATE_INFOPLIST_FILE = YES;
				IPHONEOS_DEPLOYMENT_TARGET = 17.4;
				MARKETING_VERSION = 1.0;
				PRODUCT_BUNDLE_IDENTIFIER = iOS.ToDoListFirebaseTests;
				PRODUCT_NAME = "$(TARGET_NAME)";
				SWIFT_EMIT_LOC_STRINGS = NO;
				SWIFT_VERSION = 5.0;
				TARGETED_DEVICE_FAMILY = "1,2";
				TEST_HOST = "$(BUILT_PRODUCTS_DIR)/ToDoListFirebase.app/$(BUNDLE_EXECUTABLE_FOLDER_PATH)/ToDoListFirebase";
			};
			name = Debug;
		};
		880CF29F2BDD2F7800F25A57 /* Release */ = {
			isa = XCBuildConfiguration;
			buildSettings = {
				ALWAYS_EMBED_SWIFT_STANDARD_LIBRARIES = YES;
				BUNDLE_LOADER = "$(TEST_HOST)";
				CODE_SIGN_STYLE = Automatic;
				CURRENT_PROJECT_VERSION = 1;
				GENERATE_INFOPLIST_FILE = YES;
				IPHONEOS_DEPLOYMENT_TARGET = 17.4;
				MARKETING_VERSION = 1.0;
				PRODUCT_BUNDLE_IDENTIFIER = iOS.ToDoListFirebaseTests;
				PRODUCT_NAME = "$(TARGET_NAME)";
				SWIFT_EMIT_LOC_STRINGS = NO;
				SWIFT_VERSION = 5.0;
				TARGETED_DEVICE_FAMILY = "1,2";
				TEST_HOST = "$(BUILT_PRODUCTS_DIR)/ToDoListFirebase.app/$(BUNDLE_EXECUTABLE_FOLDER_PATH)/ToDoListFirebase";
			};
			name = Release;
		};
		880CF2A12BDD2F7800F25A57 /* Debug */ = {
			isa = XCBuildConfiguration;
			buildSettings = {
				ALWAYS_EMBED_SWIFT_STANDARD_LIBRARIES = YES;
				CODE_SIGN_STYLE = Automatic;
				CURRENT_PROJECT_VERSION = 1;
				GENERATE_INFOPLIST_FILE = YES;
				MARKETING_VERSION = 1.0;
				PRODUCT_BUNDLE_IDENTIFIER = iOS.ToDoListFirebaseUITests;
				PRODUCT_NAME = "$(TARGET_NAME)";
				SWIFT_EMIT_LOC_STRINGS = NO;
				SWIFT_VERSION = 5.0;
				TARGETED_DEVICE_FAMILY = "1,2";
				TEST_TARGET_NAME = ToDoListFirebase;
			};
			name = Debug;
		};
		880CF2A22BDD2F7800F25A57 /* Release */ = {
			isa = XCBuildConfiguration;
			buildSettings = {
				ALWAYS_EMBED_SWIFT_STANDARD_LIBRARIES = YES;
				CODE_SIGN_STYLE = Automatic;
				CURRENT_PROJECT_VERSION = 1;
				GENERATE_INFOPLIST_FILE = YES;
				MARKETING_VERSION = 1.0;
				PRODUCT_BUNDLE_IDENTIFIER = iOS.ToDoListFirebaseUITests;
				PRODUCT_NAME = "$(TARGET_NAME)";
				SWIFT_EMIT_LOC_STRINGS = NO;
				SWIFT_VERSION = 5.0;
				TARGETED_DEVICE_FAMILY = "1,2";
				TEST_TARGET_NAME = ToDoListFirebase;
			};
			name = Release;
		};
/* End XCBuildConfiguration section */

/* Begin XCConfigurationList section */
		880CF2712BDD2F7600F25A57 /* Build configuration list for PBXProject "ToDoListFirebase" */ = {
			isa = XCConfigurationList;
			buildConfigurations = (
				880CF2982BDD2F7800F25A57 /* Debug */,
				880CF2992BDD2F7800F25A57 /* Release */,
			);
			defaultConfigurationIsVisible = 0;
			defaultConfigurationName = Release;
		};
		880CF29A2BDD2F7800F25A57 /* Build configuration list for PBXNativeTarget "ToDoListFirebase" */ = {
			isa = XCConfigurationList;
			buildConfigurations = (
				880CF29B2BDD2F7800F25A57 /* Debug */,
				880CF29C2BDD2F7800F25A57 /* Release */,
			);
			defaultConfigurationIsVisible = 0;
			defaultConfigurationName = Release;
		};
		880CF29D2BDD2F7800F25A57 /* Build configuration list for PBXNativeTarget "ToDoListFirebaseTests" */ = {
			isa = XCConfigurationList;
			buildConfigurations = (
				880CF29E2BDD2F7800F25A57 /* Debug */,
				880CF29F2BDD2F7800F25A57 /* Release */,
			);
			defaultConfigurationIsVisible = 0;
			defaultConfigurationName = Release;
		};
		880CF2A02BDD2F7800F25A57 /* Build configuration list for PBXNativeTarget "ToDoListFirebaseUITests" */ = {
			isa = XCConfigurationList;
			buildConfigurations = (
				880CF2A12BDD2F7800F25A57 /* Debug */,
				880CF2A22BDD2F7800F25A57 /* Release */,
			);
			defaultConfigurationIsVisible = 0;
			defaultConfigurationName = Release;
		};
/* End XCConfigurationList section */

/* Begin XCRemoteSwiftPackageReference section */
		880CF2A52BDD2FE800F25A57 /* XCRemoteSwiftPackageReference "firebase-ios-sdk" */ = {
			isa = XCRemoteSwiftPackageReference;
			repositoryURL = "https://github.com/firebase/firebase-ios-sdk";
			requirement = {
				kind = upToNextMajorVersion;
				minimumVersion = 10.24.0;
			};
		};
/* End XCRemoteSwiftPackageReference section */

/* Begin XCSwiftPackageProductDependency section */
		880CF2A72BDD320F00F25A57 /* FirebaseAuth */ = {
			isa = XCSwiftPackageProductDependency;
			package = 880CF2A52BDD2FE800F25A57 /* XCRemoteSwiftPackageReference "firebase-ios-sdk" */;
			productName = FirebaseAuth;
		};
		880CF2A92BDD320F00F25A57 /* FirebaseFirestore */ = {
			isa = XCSwiftPackageProductDependency;
			package = 880CF2A52BDD2FE800F25A57 /* XCRemoteSwiftPackageReference "firebase-ios-sdk" */;
			productName = FirebaseFirestore;
		};
		880CF2AB2BDD320F00F25A57 /* FirebaseFirestoreSwift */ = {
			isa = XCSwiftPackageProductDependency;
			package = 880CF2A52BDD2FE800F25A57 /* XCRemoteSwiftPackageReference "firebase-ios-sdk" */;
			productName = FirebaseFirestoreSwift;
		};
/* End XCSwiftPackageProductDependency section */
	};
	rootObject = 880CF26E2BDD2F7600F25A57 /* Project object */;
}
